<?xml version="1.0" encoding="utf-8"?>
<Project ToolsVersion="4.0" xmlns="http://schemas.microsoft.com/developer/msbuild/2003">
  <ItemGroup>
    <Filter Include="소스 파일">
      <UniqueIdentifier>{4FC737F1-C7A5-4376-A066-2A32D752A2FF}</UniqueIdentifier>
      <Extensions>cpp;c;cc;cxx;def;odl;idl;hpj;bat;asm;asmx</Extensions>
    </Filter>
    <Filter Include="헤더 파일">
      <UniqueIdentifier>{93995380-89BD-4b04-88EB-625FBE52EBFB}</UniqueIdentifier>
      <Extensions>h;hh;hpp;hxx;hm;inl;inc;xsd</Extensions>
    </Filter>
    <Filter Include="리소스 파일">
      <UniqueIdentifier>{67DA6AB6-F800-4c08-8B7A-83BB121AAD01}</UniqueIdentifier>
      <Extensions>rc;ico;cur;bmp;dlg;rc2;rct;bin;rgs;gif;jpg;jpeg;jpe;resx;tiff;tif;png;wav;mfcribbon-ms</Extensions>
    </Filter>
    <Filter Include="00. MainFrm">
      <UniqueIdentifier>{21fde8ce-dc84-4bcf-8ace-0ec4b56de2e1}</UniqueIdentifier>
    </Filter>
    <Filter Include="01. ToolView">
      <UniqueIdentifier>{02460171-aa5b-460e-bcce-e89516b36978}</UniqueIdentifier>
    </Filter>
    <Filter Include="02. ToolDoc">
      <UniqueIdentifier>{9dc3246f-ba96-435d-8264-5f84e93a5bae}</UniqueIdentifier>
    </Filter>
    <Filter Include="03. Mgr">
      <UniqueIdentifier>{63e1a2d3-2332-4c3a-9ca6-76583cfede76}</UniqueIdentifier>
    </Filter>
    <Filter Include="03. Mgr\00. Device">
      <UniqueIdentifier>{961be691-9bc4-471e-927d-9368ceff5891}</UniqueIdentifier>
    </Filter>
    <Filter Include="03. Mgr\01. TextureMgr">
      <UniqueIdentifier>{33ba95e6-3dad-4df5-a049-c513a6567cef}</UniqueIdentifier>
    </Filter>
    <Filter Include="03. Mgr\01. TextureMgr\Texture">
      <UniqueIdentifier>{285411d1-108a-45dd-aa83-d09ddf0f96bb}</UniqueIdentifier>
    </Filter>
    <Filter Include="03. Mgr\01. TextureMgr\Texture\00. Single">
      <UniqueIdentifier>{d1d120f4-132d-4659-bb45-07260ce63787}</UniqueIdentifier>
    </Filter>
    <Filter Include="03. Mgr\01. TextureMgr\Texture\01. Multi">
      <UniqueIdentifier>{48a48c53-0805-43bd-b0dc-73be2f11f34d}</UniqueIdentifier>
    </Filter>
    <Filter Include="04. Etc">
      <UniqueIdentifier>{737873d0-d990-4640-a69b-b5acbfa505b8}</UniqueIdentifier>
    </Filter>
    <Filter Include="04. Etc\00. Terrain">
      <UniqueIdentifier>{9486cd56-1ae2-4ac3-b0ce-522978706f78}</UniqueIdentifier>
    </Filter>
    <Filter Include="04. MyForm">
      <UniqueIdentifier>{4e2f23b7-c10e-48e8-9157-f8c5d5e4d1d4}</UniqueIdentifier>
    </Filter>
    <Filter Include="04. MyForm\00. MiniView">
      <UniqueIdentifier>{0c0d0e37-c67a-42a0-9527-00f2f0ace431}</UniqueIdentifier>
    </Filter>
  </ItemGroup>
  <ItemGroup>
    <Text Include="ReadMe.txt" />
  </ItemGroup>
  <ItemGroup>
    <ClInclude Include="Tool.h">
      <Filter>헤더 파일</Filter>
    </ClInclude>
    <ClInclude Include="stdafx.h">
      <Filter>헤더 파일</Filter>
    </ClInclude>
    <ClInclude Include="targetver.h">
      <Filter>헤더 파일</Filter>
    </ClInclude>
    <ClInclude Include="Resource.h">
      <Filter>헤더 파일</Filter>
    </ClInclude>
    <ClInclude Include="MainFrm.h">
      <Filter>00. MainFrm</Filter>
    </ClInclude>
    <ClInclude Include="ToolView.h">
      <Filter>01. ToolView</Filter>
    </ClInclude>
    <ClInclude Include="ToolDoc.h">
      <Filter>02. ToolDoc</Filter>
    </ClInclude>
    <ClInclude Include="Device.h">
      <Filter>03. Mgr\00. Device</Filter>
    </ClInclude>
    <ClInclude Include="Texture.h">
      <Filter>03. Mgr\01. TextureMgr\Texture</Filter>
    </ClInclude>
    <ClInclude Include="SingleTexture.h">
      <Filter>03. Mgr\01. TextureMgr\Texture\00. Single</Filter>
    </ClInclude>
    <ClInclude Include="TextureMgr.h">
      <Filter>03. Mgr\01. TextureMgr</Filter>
    </ClInclude>
    <ClInclude Include="MultiTexture.h">
      <Filter>03. Mgr\01. TextureMgr\Texture\01. Multi</Filter>
    </ClInclude>
    <ClInclude Include="Terrain.h">
      <Filter>04. Etc\00. Terrain</Filter>
    </ClInclude>
    <ClInclude Include="MyForm.h">
      <Filter>04. MyForm</Filter>
    </ClInclude>
    <ClInclude Include="MiniView.h">
      <Filter>04. MyForm\00. MiniView</Filter>
    </ClInclude>
  </ItemGroup>
  <ItemGroup>
    <ClCompile Include="Tool.cpp">
      <Filter>소스 파일</Filter>
    </ClCompile>
    <ClCompile Include="stdafx.cpp">
      <Filter>소스 파일</Filter>
    </ClCompile>
    <ClCompile Include="MainFrm.cpp">
      <Filter>00. MainFrm</Filter>
    </ClCompile>
    <ClCompile Include="ToolView.cpp">
      <Filter>01. ToolView</Filter>
    </ClCompile>
    <ClCompile Include="ToolDoc.cpp">
      <Filter>02. ToolDoc</Filter>
    </ClCompile>
    <ClCompile Include="Device.cpp">
      <Filter>03. Mgr\00. Device</Filter>
    </ClCompile>
    <ClCompile Include="Texture.cpp">
      <Filter>03. Mgr\01. TextureMgr\Texture</Filter>
    </ClCompile>
    <ClCompile Include="SingleTexture.cpp">
      <Filter>03. Mgr\01. TextureMgr\Texture\00. Single</Filter>
    </ClCompile>
    <ClCompile Include="TextureMgr.cpp">
      <Filter>03. Mgr\01. TextureMgr</Filter>
    </ClCompile>
    <ClCompile Include="MultiTexture.cpp">
      <Filter>03. Mgr\01. TextureMgr\Texture\01. Multi</Filter>
    </ClCompile>
    <ClCompile Include="Terrain.cpp">
      <Filter>04. Etc\00. Terrain</Filter>
    </ClCompile>
    <ClCompile Include="MyForm.cpp">
      <Filter>04. MyForm</Filter>
    </ClCompile>
    <ClCompile Include="MiniView.cpp">
      <Filter>04. MyForm\00. MiniView</Filter>
    </ClCompile>
  </ItemGroup>
  <ItemGroup>
    <ResourceCompile Include="Tool.rc">
      <Filter>리소스 파일</Filter>
    </ResourceCompile>
  </ItemGroup>
  <ItemGroup>
    <None Include="res\Tool.rc2">
      <Filter>리소스 파일</Filter>
    </None>
  </ItemGroup>
  <ItemGroup>
    <Image Include="res\ToolDoc.ico">
      <Filter>리소스 파일</Filter>
    </Image>
    <Image Include="res\Tool.ico">
      <Filter>리소스 파일</Filter>
    </Image>
    <Image Include="res\Toolbar.bmp">
      <Filter>리소스 파일</Filter>
    </Image>
  </ItemGroup>
</Project>