<?xml version="1.0" encoding="utf-8"?>
<Project ToolsVersion="4.0" xmlns="http://schemas.microsoft.com/developer/msbuild/2003">
  <ItemGroup>
    <Filter Include="소스 파일">
      <UniqueIdentifier>{4FC737F1-C7A5-4376-A066-2A32D752A2FF}</UniqueIdentifier>
      <Extensions>cpp;c;cc;cxx;def;odl;idl;hpj;bat;asm;asmx</Extensions>
    </Filter>
    <Filter Include="헤더 파일">
      <UniqueIdentifier>{93995380-89BD-4b04-88EB-625FBE52EBFB}</UniqueIdentifier>
      <Extensions>h;hh;hpp;hxx;hm;inl;inc;xsd</Extensions>
    </Filter>
    <Filter Include="리소스 파일">
      <UniqueIdentifier>{67DA6AB6-F800-4c08-8B7A-83BB121AAD01}</UniqueIdentifier>
      <Extensions>rc;ico;cur;bmp;dlg;rc2;rct;bin;rgs;gif;jpg;jpeg;jpe;resx;tiff;tif;png;wav;mfcribbon-ms</Extensions>
    </Filter>
    <Filter Include="00. MainGame">
      <UniqueIdentifier>{b5fae22a-2996-4b63-8c45-2b9ef3e41e8b}</UniqueIdentifier>
    </Filter>
    <Filter Include="01. Obj">
      <UniqueIdentifier>{d41bcb03-2646-410d-8942-60a31207f2cb}</UniqueIdentifier>
    </Filter>
    <Filter Include="01. Obj\00. Player">
      <UniqueIdentifier>{40d67726-adc5-4f65-bf98-244dcf0e824e}</UniqueIdentifier>
    </Filter>
    <Filter Include="01. Obj\01. Bullet">
      <UniqueIdentifier>{a561baf9-2623-4a91-a05e-6df3d507f4dc}</UniqueIdentifier>
    </Filter>
    <Filter Include="02. Design">
      <UniqueIdentifier>{0613dfa4-4240-4466-8093-afdbfd6102dd}</UniqueIdentifier>
    </Filter>
    <Filter Include="02. Design\00. AbstractFactory">
      <UniqueIdentifier>{186b244a-3e00-46cf-9982-9b0ff93ec395}</UniqueIdentifier>
    </Filter>
    <Filter Include="02. Design\01. CollisionMgr">
      <UniqueIdentifier>{1531ae34-fd80-4a56-92ac-0969c10491ca}</UniqueIdentifier>
    </Filter>
    <Filter Include="01. Obj\02. Monster">
      <UniqueIdentifier>{39da1deb-dbab-45ba-bceb-3d55031f3022}</UniqueIdentifier>
    </Filter>
    <Filter Include="01. Obj\03. Mouse">
      <UniqueIdentifier>{1f6c3e8e-8166-410e-ba20-3b5e711c8ad8}</UniqueIdentifier>
    </Filter>
    <Filter Include="01. Obj\01. Bullet\00. ScrewBullet">
      <UniqueIdentifier>{97ba1a5a-2d2c-4689-9a2f-dae720aa182d}</UniqueIdentifier>
    </Filter>
    <Filter Include="02. Design\02. ObjMgr">
      <UniqueIdentifier>{7c063e9c-f181-4248-8454-97d297441442}</UniqueIdentifier>
    </Filter>
    <Filter Include="01. Obj\01. Bullet\01. GuideBullet">
      <UniqueIdentifier>{847f21eb-2a76-4cc2-b157-dca3927ecdfc}</UniqueIdentifier>
    </Filter>
    <Filter Include="02. Design\03. LineMgr">
      <UniqueIdentifier>{8ed2e8b6-81a4-4b43-9739-a10b3d20afe8}</UniqueIdentifier>
    </Filter>
    <Filter Include="02. Design\03. LineMgr\Line">
      <UniqueIdentifier>{82939ea0-49ee-496f-a7a9-b2f47545d8a5}</UniqueIdentifier>
    </Filter>
    <Filter Include="02. Design\04. KeyMgr">
      <UniqueIdentifier>{8c6eee5c-b140-4391-a4ab-e611f279d61e}</UniqueIdentifier>
    </Filter>
    <Filter Include="02. Design\05. SceneMgr">
      <UniqueIdentifier>{f52ac181-56e1-4df7-97c3-0d8f39ff0282}</UniqueIdentifier>
    </Filter>
    <Filter Include="02. Design\05. SceneMgr\00. Scene">
      <UniqueIdentifier>{d8b78e31-a710-4d37-bf0b-446a9e2e03fe}</UniqueIdentifier>
    </Filter>
    <Filter Include="02. Design\05. SceneMgr\01. KSH_SCene">
      <UniqueIdentifier>{ddd0c6a3-9c89-42f3-b5fd-ab48a84d409c}</UniqueIdentifier>
    </Filter>
    <Filter Include="02. Design\05. SceneMgr\02. KJW_Scene">
      <UniqueIdentifier>{634a23ab-f5e0-4e92-a50a-9983a4b93487}</UniqueIdentifier>
    </Filter>
    <Filter Include="02. Design\05. SceneMgr\03. KHR_Scene">
      <UniqueIdentifier>{b67823be-d65f-4826-a36f-0df19942ec9d}</UniqueIdentifier>
    </Filter>
    <Filter Include="02. Design\05. SceneMgr\04. PHJ_Scene">
      <UniqueIdentifier>{8e2022fa-98f3-4a48-b6c0-f9e2cf20efb8}</UniqueIdentifier>
    </Filter>
    <Filter Include="02. Design\05. SceneMgr\05. HGH_Scene">
      <UniqueIdentifier>{117ffbc9-4a7a-4c33-adae-d88d71c4fcd4}</UniqueIdentifier>
    </Filter>
  </ItemGroup>
  <ItemGroup>
    <Text Include="ReadMe.txt" />
  </ItemGroup>
  <ItemGroup>
    <ClInclude Include="stdafx.h">
      <Filter>헤더 파일</Filter>
    </ClInclude>
    <ClInclude Include="targetver.h">
      <Filter>헤더 파일</Filter>
    </ClInclude>
    <ClInclude Include="Resource.h">
      <Filter>헤더 파일</Filter>
    </ClInclude>
    <ClInclude Include="DefaultWindow.h">
      <Filter>헤더 파일</Filter>
    </ClInclude>
    <ClInclude Include="MainGame.h">
      <Filter>00. MainGame</Filter>
    </ClInclude>
    <ClInclude Include="Obj.h">
      <Filter>01. Obj</Filter>
    </ClInclude>
    <ClInclude Include="Define.h">
      <Filter>헤더 파일</Filter>
    </ClInclude>
    <ClInclude Include="Player.h">
      <Filter>01. Obj\00. Player</Filter>
    </ClInclude>
    <ClInclude Include="Bullet.h">
      <Filter>01. Obj\01. Bullet</Filter>
    </ClInclude>
    <ClInclude Include="AbstractFactory.h">
      <Filter>02. Design\00. AbstractFactory</Filter>
    </ClInclude>
    <ClInclude Include="CollisionMgr.h">
      <Filter>02. Design\01. CollisionMgr</Filter>
    </ClInclude>
    <ClInclude Include="Monster.h">
      <Filter>01. Obj\02. Monster</Filter>
    </ClInclude>
    <ClInclude Include="Mouse.h">
      <Filter>01. Obj\03. Mouse</Filter>
    </ClInclude>
    <ClInclude Include="ScrewBullet.h">
      <Filter>01. Obj\01. Bullet\00. ScrewBullet</Filter>
    </ClInclude>
    <ClInclude Include="ObjMgr.h">
      <Filter>02. Design\02. ObjMgr</Filter>
    </ClInclude>
    <ClInclude Include="GuideBullet.h">
      <Filter>01. Obj\01. Bullet\01. GuideBullet</Filter>
    </ClInclude>
    <ClInclude Include="Line.h">
      <Filter>02. Design\03. LineMgr\Line</Filter>
    </ClInclude>
    <ClInclude Include="LineMgr.h">
      <Filter>02. Design\03. LineMgr</Filter>
    </ClInclude>
    <ClInclude Include="KeyMgr.h">
      <Filter>02. Design\04. KeyMgr</Filter>
    </ClInclude>
    <ClInclude Include="Singleton.h">
      <Filter>02. Design</Filter>
    </ClInclude>
    <ClInclude Include="SceneMgr.h">
      <Filter>02. Design\05. SceneMgr</Filter>
    </ClInclude>
    <ClInclude Include="Scene.h">
      <Filter>02. Design\05. SceneMgr\00. Scene</Filter>
    </ClInclude>
    <ClInclude Include="Scene1.h">
      <Filter>02. Design\05. SceneMgr</Filter>
    </ClInclude>
    <ClInclude Include="KSH_Scene.h">
      <Filter>02. Design\05. SceneMgr\01. KSH_SCene</Filter>
    </ClInclude>
    <ClInclude Include="HGH_Scene.h">
      <Filter>02. Design\05. SceneMgr\05. HGH_Scene</Filter>
    </ClInclude>
    <ClInclude Include="KHR_Scene.h">
      <Filter>02. Design\05. SceneMgr\03. KHR_Scene</Filter>
    </ClInclude>
    <ClInclude Include="KJW_Scene.h">
      <Filter>02. Design\05. SceneMgr\02. KJW_Scene</Filter>
    </ClInclude>
    <ClInclude Include="PHJ_Scene.h">
      <Filter>02. Design\05. SceneMgr\04. PHJ_Scene</Filter>
    </ClInclude>
    <ClInclude Include="RenderMgr.h">
      <Filter>헤더 파일</Filter>
    </ClInclude>
    <ClInclude Include="HGH.h">
      <Filter>헤더 파일</Filter>
    </ClInclude>
    <ClInclude Include="KSH.h">
      <Filter>헤더 파일</Filter>
    </ClInclude>
    <ClInclude Include="PHJ.h">
      <Filter>헤더 파일</Filter>
    </ClInclude>
    <ClInclude Include="KHR.h">
      <Filter>헤더 파일</Filter>
    </ClInclude>
    <ClInclude Include="KJW_Obj.h">
      <Filter>02. Design\05. SceneMgr\02. KJW_Scene</Filter>
    </ClInclude>
    <ClInclude Include="KJW_Player.h">
      <Filter>02. Design\05. SceneMgr\02. KJW_Scene</Filter>
    </ClInclude>
    <ClInclude Include="KJW.h">
      <Filter>02. Design\05. SceneMgr\02. KJW_Scene</Filter>
    </ClInclude>
    <ClInclude Include="KJW_LineMgr.h">
      <Filter>02. Design\05. SceneMgr\02. KJW_Scene</Filter>
    </ClInclude>
    <ClInclude Include="MyBmp.h">
      <Filter>헤더 파일</Filter>
    </ClInclude>
    <ClInclude Include="BmpMgr.h">
      <Filter>02. Design</Filter>
    </ClInclude>
    <ClInclude Include="ScrollMgr.h">
      <Filter>02. Design</Filter>
    </ClInclude>
    <ClInclude Include="KJW_Bullet.h">
      <Filter>02. Design\05. SceneMgr\02. KJW_Scene</Filter>
    </ClInclude>
    <ClInclude Include="KSH_LineMgr.h">
      <Filter>02. Design\05. SceneMgr\01. KSH_SCene</Filter>
    </ClInclude>
    <ClInclude Include="KSHPlayer.h">
      <Filter>02. Design\05. SceneMgr\01. KSH_SCene</Filter>
    </ClInclude>
    <ClInclude Include="KSH_BossMonster.h">
      <Filter>02. Design\05. SceneMgr\01. KSH_SCene</Filter>
    </ClInclude>
    <ClInclude Include="KHR_Bullet.h">
      <Filter>02. Design\05. SceneMgr\03. KHR_Scene</Filter>
    </ClInclude>
    <ClInclude Include="KHR_Line.h">
      <Filter>02. Design\05. SceneMgr\03. KHR_Scene</Filter>
    </ClInclude>
    <ClInclude Include="KHR_LineMgr.h">
      <Filter>02. Design\05. SceneMgr\03. KHR_Scene</Filter>
    </ClInclude>
    <ClInclude Include="KHR_Player.h">
      <Filter>02. Design\05. SceneMgr\03. KHR_Scene</Filter>
    </ClInclude>
    <ClInclude Include="KJW_BossMonster.h">
      <Filter>02. Design\05. SceneMgr\02. KJW_Scene</Filter>
    </ClInclude>
    <ClInclude Include="KJW_FlyingMonster.h">
      <Filter>02. Design\05. SceneMgr\02. KJW_Scene</Filter>
    </ClInclude>
    <ClInclude Include="KJW_Monster.h">
      <Filter>02. Design\05. SceneMgr\02. KJW_Scene</Filter>
    </ClInclude>
    <ClInclude Include="KJW_WalkingMonster.h">
      <Filter>02. Design\05. SceneMgr\02. KJW_Scene</Filter>
    </ClInclude>
    <ClInclude Include="PHJ_Boss.h">
      <Filter>02. Design\05. SceneMgr\04. PHJ_Scene</Filter>
    </ClInclude>
    <ClInclude Include="PHJ_Bullet.h">
      <Filter>02. Design\05. SceneMgr\04. PHJ_Scene</Filter>
    </ClInclude>
    <ClInclude Include="PHJ_LineMgr.h">
      <Filter>02. Design\05. SceneMgr\04. PHJ_Scene</Filter>
    </ClInclude>
    <ClInclude Include="PHJ_Monster1.h">
      <Filter>02. Design\05. SceneMgr\04. PHJ_Scene</Filter>
    </ClInclude>
    <ClInclude Include="PHJ_Monster2.h">
      <Filter>02. Design\05. SceneMgr\04. PHJ_Scene</Filter>
    </ClInclude>
    <ClInclude Include="PHJ_Obj.h">
      <Filter>02. Design\05. SceneMgr\04. PHJ_Scene</Filter>
    </ClInclude>
    <ClInclude Include="PHJ_Player.h">
      <Filter>02. Design\05. SceneMgr\04. PHJ_Scene</Filter>
    </ClInclude>
    <ClInclude Include="Builder.h">
      <Filter>02. Design\05. SceneMgr\05. HGH_Scene</Filter>
    </ClInclude>
    <ClInclude Include="ColliderComponent.h">
      <Filter>02. Design\05. SceneMgr\05. HGH_Scene</Filter>
    </ClInclude>
    <ClInclude Include="Component.h">
      <Filter>02. Design\05. SceneMgr\05. HGH_Scene</Filter>
    </ClInclude>
    <ClInclude Include="Factory.h">
      <Filter>02. Design\05. SceneMgr\05. HGH_Scene</Filter>
    </ClInclude>
    <ClInclude Include="FactoryMgr.h">
      <Filter>02. Design\05. SceneMgr\05. HGH_Scene</Filter>
    </ClInclude>
    <ClInclude Include="FSMComponent.h">
      <Filter>02. Design\05. SceneMgr\05. HGH_Scene</Filter>
    </ClInclude>
    <ClInclude Include="HGH_CollisionMgr.h">
      <Filter>02. Design\05. SceneMgr\05. HGH_Scene</Filter>
    </ClInclude>
    <ClInclude Include="HGH_LineEditor.h">
      <Filter>02. Design\05. SceneMgr\05. HGH_Scene</Filter>
    </ClInclude>
    <ClInclude Include="LineBuilder.h">
      <Filter>02. Design\05. SceneMgr\05. HGH_Scene</Filter>
    </ClInclude>
    <ClInclude Include="LineColliderComponent.h">
      <Filter>02. Design\05. SceneMgr\05. HGH_Scene</Filter>
    </ClInclude>
    <ClInclude Include="PlayerBuilder.h">
      <Filter>02. Design\05. SceneMgr\05. HGH_Scene</Filter>
    </ClInclude>
    <ClInclude Include="PlayerDownJumpingState.h">
      <Filter>02. Design\05. SceneMgr\05. HGH_Scene</Filter>
    </ClInclude>
    <ClInclude Include="PlayerFSMBuilder.h">
      <Filter>02. Design\05. SceneMgr\05. HGH_Scene</Filter>
    </ClInclude>
    <ClInclude Include="PlayerFSMComponent.h">
      <Filter>02. Design\05. SceneMgr\05. HGH_Scene</Filter>
    </ClInclude>
    <ClInclude Include="PlayerJumpingState.h">
      <Filter>02. Design\05. SceneMgr\05. HGH_Scene</Filter>
    </ClInclude>
    <ClInclude Include="PlayerOnLineState.h">
      <Filter>02. Design\05. SceneMgr\05. HGH_Scene</Filter>
    </ClInclude>
    <ClInclude Include="PlayerPointColliderBuilder.h">
      <Filter>02. Design\05. SceneMgr\05. HGH_Scene</Filter>
    </ClInclude>
    <ClInclude Include="PlayerPointColliderComponent.h">
      <Filter>02. Design\05. SceneMgr\05. HGH_Scene</Filter>
    </ClInclude>
    <ClInclude Include="PlayerRendererBuilder.h">
      <Filter>02. Design\05. SceneMgr\05. HGH_Scene</Filter>
    </ClInclude>
    <ClInclude Include="PlayerRenedererComponent.h">
      <Filter>02. Design\05. SceneMgr\05. HGH_Scene</Filter>
    </ClInclude>
    <ClInclude Include="PointColliderComponent.h">
      <Filter>02. Design\05. SceneMgr\05. HGH_Scene</Filter>
    </ClInclude>
    <ClInclude Include="PushUpLineColliderBuilder.h">
      <Filter>02. Design\05. SceneMgr\05. HGH_Scene</Filter>
    </ClInclude>
    <ClInclude Include="PushUpLineColliderComponent.h">
      <Filter>02. Design\05. SceneMgr\05. HGH_Scene</Filter>
    </ClInclude>
    <ClInclude Include="RectangleRendererBuilder.h">
      <Filter>02. Design\05. SceneMgr\05. HGH_Scene</Filter>
    </ClInclude>
    <ClInclude Include="RectangleRendererComponent.h">
      <Filter>02. Design\05. SceneMgr\05. HGH_Scene</Filter>
    </ClInclude>
    <ClInclude Include="State.h">
      <Filter>02. Design\05. SceneMgr\05. HGH_Scene</Filter>
    </ClInclude>
    <ClInclude Include="Object.h">
      <Filter>02. Design\05. SceneMgr\05. HGH_Scene</Filter>
    </ClInclude>
  </ItemGroup>
  <ItemGroup>
    <ClCompile Include="stdafx.cpp">
      <Filter>소스 파일</Filter>
    </ClCompile>
    <ClCompile Include="DefaultWindow.cpp">
      <Filter>소스 파일</Filter>
    </ClCompile>
    <ClCompile Include="MainGame.cpp">
      <Filter>00. MainGame</Filter>
    </ClCompile>
    <ClCompile Include="Obj.cpp">
      <Filter>01. Obj</Filter>
    </ClCompile>
    <ClCompile Include="Player.cpp">
      <Filter>01. Obj\00. Player</Filter>
    </ClCompile>
    <ClCompile Include="Bullet.cpp">
      <Filter>01. Obj\01. Bullet</Filter>
    </ClCompile>
    <ClCompile Include="CollisionMgr.cpp">
      <Filter>02. Design\01. CollisionMgr</Filter>
    </ClCompile>
    <ClCompile Include="Monster.cpp">
      <Filter>01. Obj\02. Monster</Filter>
    </ClCompile>
    <ClCompile Include="Mouse.cpp">
      <Filter>01. Obj\03. Mouse</Filter>
    </ClCompile>
    <ClCompile Include="ScrewBullet.cpp">
      <Filter>01. Obj\01. Bullet\00. ScrewBullet</Filter>
    </ClCompile>
    <ClCompile Include="ObjMgr.cpp">
      <Filter>02. Design\02. ObjMgr</Filter>
    </ClCompile>
    <ClCompile Include="GuideBullet.cpp">
      <Filter>01. Obj\01. Bullet\01. GuideBullet</Filter>
    </ClCompile>
    <ClCompile Include="Line.cpp">
      <Filter>02. Design\03. LineMgr\Line</Filter>
    </ClCompile>
    <ClCompile Include="LineMgr.cpp">
      <Filter>02. Design\03. LineMgr</Filter>
    </ClCompile>
    <ClCompile Include="KeyMgr.cpp">
      <Filter>02. Design\04. KeyMgr</Filter>
    </ClCompile>
    <ClCompile Include="SceneMgr.cpp">
      <Filter>02. Design\05. SceneMgr</Filter>
    </ClCompile>
    <ClCompile Include="Scene.cpp">
      <Filter>02. Design\05. SceneMgr\00. Scene</Filter>
    </ClCompile>
    <ClCompile Include="Scene1.cpp">
      <Filter>02. Design\05. SceneMgr</Filter>
    </ClCompile>
    <ClCompile Include="KSH_Scene.cpp">
      <Filter>02. Design\05. SceneMgr\01. KSH_SCene</Filter>
    </ClCompile>
    <ClCompile Include="HGH_Scene.cpp">
      <Filter>02. Design\05. SceneMgr\05. HGH_Scene</Filter>
    </ClCompile>
    <ClCompile Include="KHR_Scene.cpp">
      <Filter>02. Design\05. SceneMgr\03. KHR_Scene</Filter>
    </ClCompile>
    <ClCompile Include="KJW_Scene.cpp">
      <Filter>02. Design\05. SceneMgr\02. KJW_Scene</Filter>
    </ClCompile>
    <ClCompile Include="PHJ_Scene.cpp">
      <Filter>02. Design\05. SceneMgr\04. PHJ_Scene</Filter>
    </ClCompile>
    <ClCompile Include="RenderMgr.cpp">
      <Filter>소스 파일</Filter>
    </ClCompile>
    <ClCompile Include="KJW_Obj.cpp">
      <Filter>02. Design\05. SceneMgr\02. KJW_Scene</Filter>
    </ClCompile>
    <ClCompile Include="KJW_Player.cpp">
      <Filter>02. Design\05. SceneMgr\02. KJW_Scene</Filter>
    </ClCompile>
    <ClCompile Include="KJW_LineMgr.cpp">
      <Filter>02. Design\05. SceneMgr\02. KJW_Scene</Filter>
    </ClCompile>
    <ClCompile Include="MyBmp.cpp">
      <Filter>소스 파일</Filter>
    </ClCompile>
    <ClCompile Include="BmpMgr.cpp">
      <Filter>02. Design</Filter>
    </ClCompile>
    <ClCompile Include="ScrollMgr.cpp">
      <Filter>02. Design</Filter>
    </ClCompile>
    <ClCompile Include="KJW_Bullet.cpp">
      <Filter>02. Design\05. SceneMgr\02. KJW_Scene</Filter>
    </ClCompile>
    <ClCompile Include="KSH_LineMgr.cpp">
      <Filter>02. Design\05. SceneMgr\01. KSH_SCene</Filter>
    </ClCompile>
    <ClCompile Include="KSHPlayer.cpp">
      <Filter>02. Design\05. SceneMgr\01. KSH_SCene</Filter>
    </ClCompile>
    <ClCompile Include="KSH_BossMonster.cpp">
      <Filter>02. Design\05. SceneMgr\01. KSH_SCene</Filter>
    </ClCompile>
    <ClCompile Include="KHR_Bullet.cpp">
      <Filter>02. Design\05. SceneMgr\03. KHR_Scene</Filter>
    </ClCompile>
    <ClCompile Include="KHR_Line.cpp">
      <Filter>02. Design\05. SceneMgr\03. KHR_Scene</Filter>
    </ClCompile>
    <ClCompile Include="KHR_LineMgr.cpp">
      <Filter>02. Design\05. SceneMgr\03. KHR_Scene</Filter>
    </ClCompile>
    <ClCompile Include="KHR_Player.cpp">
      <Filter>02. Design\05. SceneMgr\03. KHR_Scene</Filter>
    </ClCompile>
    <ClCompile Include="KJW_BossMonster.cpp">
      <Filter>02. Design\05. SceneMgr\02. KJW_Scene</Filter>
    </ClCompile>
    <ClCompile Include="KJW_FlyingMonster.cpp">
      <Filter>02. Design\05. SceneMgr\02. KJW_Scene</Filter>
    </ClCompile>
    <ClCompile Include="KJW_Monster.cpp">
      <Filter>02. Design\05. SceneMgr\02. KJW_Scene</Filter>
    </ClCompile>
    <ClCompile Include="KJW_WalkingMonster.cpp">
      <Filter>02. Design\05. SceneMgr\02. KJW_Scene</Filter>
    </ClCompile>
    <ClCompile Include="PHJ_Boss.cpp">
      <Filter>02. Design\05. SceneMgr\04. PHJ_Scene</Filter>
    </ClCompile>
    <ClCompile Include="PHJ_Bullet.cpp">
      <Filter>02. Design\05. SceneMgr\04. PHJ_Scene</Filter>
    </ClCompile>
    <ClCompile Include="PHJ_LineMgr.cpp">
      <Filter>02. Design\05. SceneMgr\04. PHJ_Scene</Filter>
    </ClCompile>
    <ClCompile Include="PHJ_Monster1.cpp">
      <Filter>02. Design\05. SceneMgr\04. PHJ_Scene</Filter>
    </ClCompile>
    <ClCompile Include="PHJ_Monster2.cpp">
      <Filter>02. Design\05. SceneMgr\04. PHJ_Scene</Filter>
    </ClCompile>
    <ClCompile Include="PHJ_Obj.cpp">
      <Filter>02. Design\05. SceneMgr\04. PHJ_Scene</Filter>
    </ClCompile>
    <ClCompile Include="PHJ_Player.cpp">
      <Filter>02. Design\05. SceneMgr\04. PHJ_Scene</Filter>
    </ClCompile>
    <ClCompile Include="Builder.cpp">
      <Filter>02. Design\05. SceneMgr\05. HGH_Scene</Filter>
    </ClCompile>
    <ClCompile Include="ColliderComponent.cpp">
      <Filter>02. Design\05. SceneMgr\05. HGH_Scene</Filter>
    </ClCompile>
    <ClCompile Include="Component.cpp">
      <Filter>02. Design\05. SceneMgr\05. HGH_Scene</Filter>
    </ClCompile>
    <ClCompile Include="Factory.cpp">
      <Filter>02. Design\05. SceneMgr\05. HGH_Scene</Filter>
    </ClCompile>
    <ClCompile Include="FactoryMgr.cpp">
      <Filter>02. Design\05. SceneMgr\05. HGH_Scene</Filter>
    </ClCompile>
    <ClCompile Include="FSMComponent.cpp">
      <Filter>02. Design\05. SceneMgr\05. HGH_Scene</Filter>
    </ClCompile>
    <ClCompile Include="HGH_CollisionMgr.cpp">
      <Filter>02. Design\05. SceneMgr\05. HGH_Scene</Filter>
    </ClCompile>
    <ClCompile Include="HGH_LineEditor.cpp">
      <Filter>02. Design\05. SceneMgr\05. HGH_Scene</Filter>
    </ClCompile>
    <ClCompile Include="LineBuilder.cpp">
      <Filter>02. Design\05. SceneMgr\05. HGH_Scene</Filter>
    </ClCompile>
    <ClCompile Include="LineColliderComponent.cpp">
      <Filter>02. Design\05. SceneMgr\05. HGH_Scene</Filter>
    </ClCompile>
    <ClCompile Include="PlayerBuilder.cpp">
      <Filter>02. Design\05. SceneMgr\05. HGH_Scene</Filter>
    </ClCompile>
    <ClCompile Include="PlayerDownJumpingState.cpp">
      <Filter>02. Design\05. SceneMgr\05. HGH_Scene</Filter>
    </ClCompile>
    <ClCompile Include="PlayerFSMBuilder.cpp">
      <Filter>02. Design\05. SceneMgr\05. HGH_Scene</Filter>
    </ClCompile>
    <ClCompile Include="PlayerFSMComponent.cpp">
      <Filter>02. Design\05. SceneMgr\05. HGH_Scene</Filter>
    </ClCompile>
    <ClCompile Include="PlayerJumpingState.cpp">
      <Filter>02. Design\05. SceneMgr\05. HGH_Scene</Filter>
    </ClCompile>
    <ClCompile Include="PlayerOnLineState.cpp">
      <Filter>02. Design\05. SceneMgr\05. HGH_Scene</Filter>
    </ClCompile>
    <ClCompile Include="PlayerPointColliderBuilder.cpp">
      <Filter>02. Design\05. SceneMgr\05. HGH_Scene</Filter>
    </ClCompile>
    <ClCompile Include="PlayerPointColliderComponent.cpp">
      <Filter>02. Design\05. SceneMgr\05. HGH_Scene</Filter>
    </ClCompile>
    <ClCompile Include="PlayerRendererBuilder.cpp">
      <Filter>02. Design\05. SceneMgr\05. HGH_Scene</Filter>
    </ClCompile>
    <ClCompile Include="PlayerRenedererComponent.cpp">
      <Filter>02. Design\05. SceneMgr\05. HGH_Scene</Filter>
    </ClCompile>
    <ClCompile Include="PointColliderComponent.cpp">
      <Filter>02. Design\05. SceneMgr\05. HGH_Scene</Filter>
    </ClCompile>
    <ClCompile Include="PushUpLineColliderBuilder.cpp">
      <Filter>02. Design\05. SceneMgr\05. HGH_Scene</Filter>
    </ClCompile>
    <ClCompile Include="PushUpLineColliderComponent.cpp">
      <Filter>02. Design\05. SceneMgr\05. HGH_Scene</Filter>
    </ClCompile>
    <ClCompile Include="RectangleRendererBuilder.cpp">
      <Filter>02. Design\05. SceneMgr\05. HGH_Scene</Filter>
    </ClCompile>
    <ClCompile Include="RectangleRendererComponent.cpp">
      <Filter>02. Design\05. SceneMgr\05. HGH_Scene</Filter>
    </ClCompile>
    <ClCompile Include="State.cpp">
      <Filter>02. Design\05. SceneMgr\05. HGH_Scene</Filter>
    </ClCompile>
    <ClCompile Include="Object.cpp">
      <Filter>02. Design\05. SceneMgr\05. HGH_Scene</Filter>
    </ClCompile>
  </ItemGroup>
  <ItemGroup>
    <ResourceCompile Include="DefaultWindow.rc">
      <Filter>리소스 파일</Filter>
    </ResourceCompile>
  </ItemGroup>
  <ItemGroup>
    <Image Include="small.ico">
      <Filter>리소스 파일</Filter>
    </Image>
    <Image Include="DefaultWindow.ico">
      <Filter>리소스 파일</Filter>
    </Image>
  </ItemGroup>
</Project>