<?xml version="1.0" encoding="utf-8"?>
<Project ToolsVersion="4.0" xmlns="http://schemas.microsoft.com/developer/msbuild/2003">
  <ItemGroup>
    <Filter Include="소스 파일">
      <UniqueIdentifier>{4FC737F1-C7A5-4376-A066-2A32D752A2FF}</UniqueIdentifier>
      <Extensions>cpp;c;cc;cxx;c++;cppm;ixx;def;odl;idl;hpj;bat;asm;asmx</Extensions>
    </Filter>
    <Filter Include="헤더 파일">
      <UniqueIdentifier>{93995380-89BD-4b04-88EB-625FBE52EBFB}</UniqueIdentifier>
      <Extensions>h;hh;hpp;hxx;h++;hm;inl;inc;ipp;xsd</Extensions>
    </Filter>
    <Filter Include="리소스 파일">
      <UniqueIdentifier>{67DA6AB6-F800-4c08-8B7A-83BB121AAD01}</UniqueIdentifier>
      <Extensions>rc;ico;cur;bmp;dlg;rc2;rct;bin;rgs;gif;jpg;jpeg;jpe;resx;tiff;tif;png;wav;mfcribbon-ms</Extensions>
    </Filter>
    <Filter Include="MainGame">
      <UniqueIdentifier>{55397984-00c6-4923-8b12-47a3f17f4324}</UniqueIdentifier>
    </Filter>
    <Filter Include="Obj">
      <UniqueIdentifier>{618a5f9f-4235-43dd-b02b-15b83bc04601}</UniqueIdentifier>
    </Filter>
    <Filter Include="Obj\Player">
      <UniqueIdentifier>{6f5953f9-9212-4a40-9386-9a8bac7c16ad}</UniqueIdentifier>
    </Filter>
    <Filter Include="Obj\Bullet">
      <UniqueIdentifier>{1f20bda4-6cee-472e-9c05-2ef19bc2754f}</UniqueIdentifier>
    </Filter>
  </ItemGroup>
  <ItemGroup>
    <ClInclude Include="framework.h">
      <Filter>헤더 파일</Filter>
    </ClInclude>
    <ClInclude Include="targetver.h">
      <Filter>헤더 파일</Filter>
    </ClInclude>
    <ClInclude Include="Resource.h">
      <Filter>헤더 파일</Filter>
    </ClInclude>
    <ClInclude Include="Rec_and_SmallRec_bullet.h">
      <Filter>헤더 파일</Filter>
    </ClInclude>
    <ClInclude Include="stdafx.h">
      <Filter>헤더 파일</Filter>
    </ClInclude>
    <ClInclude Include="Define.h">
      <Filter>헤더 파일</Filter>
    </ClInclude>
    <ClInclude Include="MainGame.h">
      <Filter>MainGame</Filter>
    </ClInclude>
    <ClInclude Include="Obj.h">
      <Filter>Obj</Filter>
    </ClInclude>
    <ClInclude Include="CPlayer.h">
      <Filter>Obj\Player</Filter>
    </ClInclude>
    <ClInclude Include="Bullet.h">
      <Filter>Obj\Bullet</Filter>
    </ClInclude>
  </ItemGroup>
  <ItemGroup>
    <ClCompile Include="Rec_and_SmallRec_bullet.cpp">
      <Filter>소스 파일</Filter>
    </ClCompile>
    <ClCompile Include="MainGame.cpp">
      <Filter>MainGame</Filter>
    </ClCompile>
    <ClCompile Include="Obj.cpp">
      <Filter>Obj</Filter>
    </ClCompile>
    <ClCompile Include="CPlayer.cpp">
      <Filter>Obj\Player</Filter>
    </ClCompile>
    <ClCompile Include="Bullet.cpp">
      <Filter>Obj\Bullet</Filter>
    </ClCompile>
  </ItemGroup>
  <ItemGroup>
    <ResourceCompile Include="Rec_and_SmallRec_bullet.rc">
      <Filter>리소스 파일</Filter>
    </ResourceCompile>
  </ItemGroup>
  <ItemGroup>
    <Image Include="small.ico">
      <Filter>리소스 파일</Filter>
    </Image>
    <Image Include="Rec_and_SmallRec_bullet.ico">
      <Filter>리소스 파일</Filter>
    </Image>
  </ItemGroup>
</Project>